
Microsoft Visual Studio Solution File, Format Version 12.00
# Visual Studio 15
Project("{FAE04EC0-301F-11D3-BF4B-00C04F79EFBC}") = "NaughtyAttributes.Test", "NaughtyAttributes.Test.csproj", "{83322423-9E30-A66E-82E7-03666B848676}"
EndProject
Project("{FAE04EC0-301F-11D3-BF4B-00C04F79EFBC}") = "NaughtyAttributes.Core", "NaughtyAttributes.Core.csproj", "{44857074-7D79-7E2A-FD30-6C29DF6AA53A}"
EndProject
Project("{FAE04EC0-301F-11D3-BF4B-00C04F79EFBC}") = "Assembly-CSharp", "Assembly-CSharp.csproj", "{1FBB4648-BC9B-DD77-B2DB-B8EA026664AA}"
EndProject
Project("{FAE04EC0-301F-11D3-BF4B-00C04F79EFBC}") = "NaughtyAttributes.Editor", "NaughtyAttributes.Editor.csproj", "{E8D88B87-E1F1-8917-F39E-0EC16DE5D930}"
EndProject
Global
	GlobalSection(SolutionConfigurationPlatforms) = preSolution
		Debug|Any CPU = Debug|Any CPU
		Release|Any CPU = Release|Any CPU
	EndGlobalSection
	GlobalSection(ProjectConfigurationPlatforms) = postSolution
		{83322423-9E30-A66E-82E7-03666B848676}.Debug|Any CPU.ActiveCfg = Debug|Any CPU
		{83322423-9E30-A66E-82E7-03666B848676}.Debug|Any CPU.Build.0 = Debug|Any CPU
		{83322423-9E30-A66E-82E7-03666B848676}.Release|Any CPU.ActiveCfg = Release|Any CPU
		{83322423-9E30-A66E-82E7-03666B848676}.Release|Any CPU.Build.0 = Release|Any CPU
		{44857074-7D79-7E2A-FD30-6C29DF6AA53A}.Debug|Any CPU.ActiveCfg = Debug|Any CPU
		{44857074-7D79-7E2A-FD30-6C29DF6AA53A}.Debug|Any CPU.Build.0 = Debug|Any CPU
		{44857074-7D79-7E2A-FD30-6C29DF6AA53A}.Release|Any CPU.ActiveCfg = Release|Any CPU
		{44857074-7D79-7E2A-FD30-6C29DF6AA53A}.Release|Any CPU.Build.0 = Release|Any CPU
		{1FBB4648-BC9B-DD77-B2DB-B8EA026664AA}.Debug|Any CPU.ActiveCfg = Debug|Any CPU
		{1FBB4648-BC9B-DD77-B2DB-B8EA026664AA}.Debug|Any CPU.Build.0 = Debug|Any CPU
		{1FBB4648-BC9B-DD77-B2DB-B8EA026664AA}.Release|Any CPU.ActiveCfg = Release|Any CPU
		{1FBB4648-BC9B-DD77-B2DB-B8EA026664AA}.Release|Any CPU.Build.0 = Release|Any CPU
		{E8D88B87-E1F1-8917-F39E-0EC16DE5D930}.Debug|Any CPU.ActiveCfg = Debug|Any CPU
		{E8D88B87-E1F1-8917-F39E-0EC16DE5D930}.Debug|Any CPU.Build.0 = Debug|Any CPU
		{E8D88B87-E1F1-8917-F39E-0EC16DE5D930}.Release|Any CPU.ActiveCfg = Release|Any CPU
		{E8D88B87-E1F1-8917-F39E-0EC16DE5D930}.Release|Any CPU.Build.0 = Release|Any CPU
	EndGlobalSection
	GlobalSection(SolutionProperties) = preSolution
		HideSolutionNode = FALSE
	EndGlobalSection
EndGlobal
